
Microsoft Visual Studio Solution File, Format Version 12.00
# Visual Studio Version 17
VisualStudioVersion = 17.14.36327.8
MinimumVisualStudioVersion = 10.0.40219.1
Project("{FAE04EC0-301F-11D3-BF4B-00C04F79EFBC}") = "AspireLambda", "AspireLambda\AspireLambda.csproj", "{7B5A9582-606F-22AF-131E-3B0C159367A1}"
EndProject
Project("{FAE04EC0-301F-11D3-BF4B-00C04F79EFBC}") = "AspireLambda.AppHost", "AspireLambda.AppHost\AspireLambda.AppHost.csproj", "{B75D83D4-A2E7-4E24-83F0-028E7AAB7335}"
EndProject
Project("{FAE04EC0-301F-11D3-BF4B-00C04F79EFBC}") = "AspireLambda.ServiceDefaults", "AspireLambda.ServiceDefaults\AspireLambda.ServiceDefaults.csproj", "{76C8A538-A887-4686-AA82-893364243743}"
EndProject
Global
	GlobalSection(SolutionConfigurationPlatforms) = preSolution
		Debug|Any CPU = Debug|Any CPU
		Release|Any CPU = Release|Any CPU
	EndGlobalSection
	GlobalSection(ProjectConfigurationPlatforms) = postSolution
		{7B5A9582-606F-22AF-131E-3B0C159367A1}.Debug|Any CPU.ActiveCfg = Debug|Any CPU
		{7B5A9582-606F-22AF-131E-3B0C159367A1}.Debug|Any CPU.Build.0 = Debug|Any CPU
		{7B5A9582-606F-22AF-131E-3B0C159367A1}.Release|Any CPU.ActiveCfg = Release|Any CPU
		{7B5A9582-606F-22AF-131E-3B0C159367A1}.Release|Any CPU.Build.0 = Release|Any CPU
		{B75D83D4-A2E7-4E24-83F0-028E7AAB7335}.Debug|Any CPU.ActiveCfg = Debug|Any CPU
		{B75D83D4-A2E7-4E24-83F0-028E7AAB7335}.Debug|Any CPU.Build.0 = Debug|Any CPU
		{B75D83D4-A2E7-4E24-83F0-028E7AAB7335}.Release|Any CPU.ActiveCfg = Release|Any CPU
		{B75D83D4-A2E7-4E24-83F0-028E7AAB7335}.Release|Any CPU.Build.0 = Release|Any CPU
		{76C8A538-A887-4686-AA82-893364243743}.Debug|Any CPU.ActiveCfg = Debug|Any CPU
		{76C8A538-A887-4686-AA82-893364243743}.Debug|Any CPU.Build.0 = Debug|Any CPU
		{76C8A538-A887-4686-AA82-893364243743}.Release|Any CPU.ActiveCfg = Release|Any CPU
		{76C8A538-A887-4686-AA82-893364243743}.Release|Any CPU.Build.0 = Release|Any CPU
	EndGlobalSection
	GlobalSection(SolutionProperties) = preSolution
		HideSolutionNode = FALSE
	EndGlobalSection
	GlobalSection(ExtensibilityGlobals) = postSolution
		SolutionGuid = {FA762687-637D-4B37-9135-2A91FF5E2A3A}
	EndGlobalSection
EndGlobal
